
Microsoft Visual Studio Solution File, Format Version 12.00
# Visual Studio Version 17
VisualStudioVersion = 17.1.32421.90
MinimumVisualStudioVersion = 10.0.40219.1
Project("{8BC9CEB8-8B4A-11D0-8D11-00A0C91BC942}") = "RandomPractice", "RandomPractice.vcxproj", "{853D4DC6-93DF-4DBA-97CD-3479831F808B}"
EndProject
Global
	GlobalSection(SolutionConfigurationPlatforms) = preSolution
		Debug|x64 = Debug|x64
		Debug|x86 = Debug|x86
		Release|x64 = Release|x64
		Release|x86 = Release|x86
	EndGlobalSection
	GlobalSection(ProjectConfigurationPlatforms) = postSolution
		{853D4DC6-93DF-4DBA-97CD-3479831F808B}.Debug|x64.ActiveCfg = Debug|x64
		{853D4DC6-93DF-4DBA-97CD-3479831F808B}.Debug|x64.Build.0 = Debug|x64
		{853D4DC6-93DF-4DBA-97CD-3479831F808B}.Debug|x86.ActiveCfg = Debug|Win32
		{853D4DC6-93DF-4DBA-97CD-3479831F808B}.Debug|x86.Build.0 = Debug|Win32
		{853D4DC6-93DF-4DBA-97CD-3479831F808B}.Release|x64.ActiveCfg = Release|x64
		{853D4DC6-93DF-4DBA-97CD-3479831F808B}.Release|x64.Build.0 = Release|x64
		{853D4DC6-93DF-4DBA-97CD-3479831F808B}.Release|x86.ActiveCfg = Release|Win32
		{853D4DC6-93DF-4DBA-97CD-3479831F808B}.Release|x86.Build.0 = Release|Win32
	EndGlobalSection
	GlobalSection(SolutionProperties) = preSolution
		HideSolutionNode = FALSE
	EndGlobalSection
	GlobalSection(ExtensibilityGlobals) = postSolution
		SolutionGuid = {3C31CA53-9B6B-4C5F-8841-DD6EBA2D58E7}
	EndGlobalSection
EndGlobal
